
Microsoft Visual Studio Solution File, Format Version 12.00
# Visual Studio Version 16
VisualStudioVersion = 16.0.31025.194
MinimumVisualStudioVersion = 10.0.40219.1
Project("{FAE04EC0-301F-11D3-BF4B-00C04F79EFBC}") = "Calculator", "Calculator.csproj", "{6B666A46-33CB-4D09-8443-CFC7E4C0CDE7}"
EndProject
Global
	GlobalSection(SolutionConfigurationPlatforms) = preSolution
		Debug|Any CPU = Debug|Any CPU
		Release|Any CPU = Release|Any CPU
	EndGlobalSection
	GlobalSection(ProjectConfigurationPlatforms) = postSolution
		{6B666A46-33CB-4D09-8443-CFC7E4C0CDE7}.Debug|Any CPU.ActiveCfg = Debug|Any CPU
		{6B666A46-33CB-4D09-8443-CFC7E4C0CDE7}.Debug|Any CPU.Build.0 = Debug|Any CPU
		{6B666A46-33CB-4D09-8443-CFC7E4C0CDE7}.Release|Any CPU.ActiveCfg = Release|Any CPU
		{6B666A46-33CB-4D09-8443-CFC7E4C0CDE7}.Release|Any CPU.Build.0 = Release|Any CPU
	EndGlobalSection
	GlobalSection(SolutionProperties) = preSolution
		HideSolutionNode = FALSE
	EndGlobalSection
	GlobalSection(ExtensibilityGlobals) = postSolution
		SolutionGuid = {EA98D3BD-1008-4093-A512-0F6D7264C541}
	EndGlobalSection
EndGlobal
